
Microsoft Visual Studio Solution File, Format Version 12.00
# Visual Studio Version 16
VisualStudioVersion = 16.0.31205.134
MinimumVisualStudioVersion = 10.0.40219.1
Project("{FAE04EC0-301F-11D3-BF4B-00C04F79EFBC}") = "Aula2ConsoleVs", "Aula2ConsoleVs\Aula2ConsoleVs.csproj", "{DC4C038D-FB59-417E-97FF-315D7510A9E0}"
EndProject
Global
	GlobalSection(SolutionConfigurationPlatforms) = preSolution
		Debug|Any CPU = Debug|Any CPU
		Release|Any CPU = Release|Any CPU
	EndGlobalSection
	GlobalSection(ProjectConfigurationPlatforms) = postSolution
		{DC4C038D-FB59-417E-97FF-315D7510A9E0}.Debug|Any CPU.ActiveCfg = Debug|Any CPU
		{DC4C038D-FB59-417E-97FF-315D7510A9E0}.Debug|Any CPU.Build.0 = Debug|Any CPU
		{DC4C038D-FB59-417E-97FF-315D7510A9E0}.Release|Any CPU.ActiveCfg = Release|Any CPU
		{DC4C038D-FB59-417E-97FF-315D7510A9E0}.Release|Any CPU.Build.0 = Release|Any CPU
	EndGlobalSection
	GlobalSection(SolutionProperties) = preSolution
		HideSolutionNode = FALSE
	EndGlobalSection
	GlobalSection(ExtensibilityGlobals) = postSolution
		SolutionGuid = {AC2F9649-B33B-4E15-9BFE-DE5BDDAF8BA0}
	EndGlobalSection
EndGlobal
